// !$*UTF8*$!
{
	archiveVersion = 1;
	classes = {
	};
	objectVersion = 56;
	objects = {

/* Begin PBXBuildFile section */
		330CE9142BDD5FCE00354E2B /* SwiiftUITestApp.swift in Sources */ = {isa = PBXBuildFile; fileRef = 330CE9132BDD5FCE00354E2B /* SwiiftUITestApp.swift */; };
		330CE9162BDD5FCE00354E2B /* ContentView.swift in Sources */ = {isa = PBXBuildFile; fileRef = 330CE9152BDD5FCE00354E2B /* ContentView.swift */; };
		330CE9182BDD5FCF00354E2B /* Assets.xcassets in Resources */ = {isa = PBXBuildFile; fileRef = 330CE9172BDD5FCF00354E2B /* Assets.xcassets */; };
		330CE91B2BDD5FCF00354E2B /* Preview Assets.xcassets in Resources */ = {isa = PBXBuildFile; fileRef = 330CE91A2BDD5FCF00354E2B /* Preview Assets.xcassets */; };
		330CE9242BDD896600354E2B /* OzelGorselView.swift in Sources */ = {isa = PBXBuildFile; fileRef = 330CE9232BDD896600354E2B /* OzelGorselView.swift */; };
		330CE9262BDD8B9F00354E2B /* ButtonIlkGorunum.swift in Sources */ = {isa = PBXBuildFile; fileRef = 330CE9252BDD8B9F00354E2B /* ButtonIlkGorunum.swift */; };
		330CE9282BDD8BAD00354E2B /* ButtonIkıncıGorunum.swift in Sources */ = {isa = PBXBuildFile; fileRef = 330CE9272BDD8BAD00354E2B /* ButtonIkıncıGorunum.swift */; };
/* End PBXBuildFile section */

/* Begin PBXFileReference section */
		330CE9102BDD5FCE00354E2B /* SwiiftUITest.app */ = {isa = PBXFileReference; explicitFileType = wrapper.application; includeInIndex = 0; path = SwiiftUITest.app; sourceTree = BUILT_PRODUCTS_DIR; };
		330CE9132BDD5FCE00354E2B /* SwiiftUITestApp.swift */ = {isa = PBXFileReference; lastKnownFileType = sourcecode.swift; path = SwiiftUITestApp.swift; sourceTree = "<group>"; };
		330CE9152BDD5FCE00354E2B /* ContentView.swift */ = {isa = PBXFileReference; lastKnownFileType = sourcecode.swift; path = ContentView.swift; sourceTree = "<group>"; };
		330CE9172BDD5FCF00354E2B /* Assets.xcassets */ = {isa = PBXFileReference; lastKnownFileType = folder.assetcatalog; path = Assets.xcassets; sourceTree = "<group>"; };
		330CE91A2BDD5FCF00354E2B /* Preview Assets.xcassets */ = {isa = PBXFileReference; lastKnownFileType = folder.assetcatalog; path = "Preview Assets.xcassets"; sourceTree = "<group>"; };
		330CE9232BDD896600354E2B /* OzelGorselView.swift */ = {isa = PBXFileReference; lastKnownFileType = sourcecode.swift; path = OzelGorselView.swift; sourceTree = "<group>"; };
		330CE9252BDD8B9F00354E2B /* ButtonIlkGorunum.swift */ = {isa = PBXFileReference; lastKnownFileType = sourcecode.swift; path = ButtonIlkGorunum.swift; sourceTree = "<group>"; };
		330CE9272BDD8BAD00354E2B /* ButtonIkıncıGorunum.swift */ = {isa = PBXFileReference; lastKnownFileType = sourcecode.swift; path = "ButtonIkıncıGorunum.swift"; sourceTree = "<group>"; };
/* End PBXFileReference section */

/* Begin PBXFrameworksBuildPhase section */
		330CE90D2BDD5FCE00354E2B /* Frameworks */ = {
			isa = PBXFrameworksBuildPhase;
			buildActionMask = 2147483647;
			files = (
			);
			runOnlyForDeploymentPostprocessing = 0;
		};
/* End PBXFrameworksBuildPhase section */

/* Begin PBXGroup section */
		330CE9072BDD5FCE00354E2B = {
			isa = PBXGroup;
			children = (
				330CE9122BDD5FCE00354E2B /* SwiiftUITest */,
				330CE9112BDD5FCE00354E2B /* Products */,
			);
			sourceTree = "<group>";
		};
		330CE9112BDD5FCE00354E2B /* Products */ = {
			isa = PBXGroup;
			children = (
				330CE9102BDD5FCE00354E2B /* SwiiftUITest.app */,
			);
			name = Products;
			sourceTree = "<group>";
		};
		330CE9122BDD5FCE00354E2B /* SwiiftUITest */ = {
			isa = PBXGroup;
			children = (
				330CE9132BDD5FCE00354E2B /* SwiiftUITestApp.swift */,
				330CE9152BDD5FCE00354E2B /* ContentView.swift */,
				330CE9232BDD896600354E2B /* OzelGorselView.swift */,
				330CE9172BDD5FCF00354E2B /* Assets.xcassets */,
				330CE9192BDD5FCF00354E2B /* Preview Content */,
				330CE9252BDD8B9F00354E2B /* ButtonIlkGorunum.swift */,
				330CE9272BDD8BAD00354E2B /* ButtonIkıncıGorunum.swift */,
			);
			path = SwiiftUITest;
			sourceTree = "<group>";
		};
		330CE9192BDD5FCF00354E2B /* Preview Content */ = {
			isa = PBXGroup;
			children = (
				330CE91A2BDD5FCF00354E2B /* Preview Assets.xcassets */,
			);
			path = "Preview Content";
			sourceTree = "<group>";
		};
/* End PBXGroup section */

/* Begin PBXNativeTarget section */
		330CE90F2BDD5FCE00354E2B /* SwiiftUITest */ = {
			isa = PBXNativeTarget;
			buildConfigurationList = 330CE91E2BDD5FCF00354E2B /* Build configuration list for PBXNativeTarget "SwiiftUITest" */;
			buildPhases = (
				330CE90C2BDD5FCE00354E2B /* Sources */,
				330CE90D2BDD5FCE00354E2B /* Frameworks */,
				330CE90E2BDD5FCE00354E2B /* Resources */,
			);
			buildRules = (
			);
			dependencies = (
			);
			name = SwiiftUITest;
			productName = SwiiftUITest;
			productReference = 330CE9102BDD5FCE00354E2B /* SwiiftUITest.app */;
			productType = "com.apple.product-type.application";
		};
/* End PBXNativeTarget section */

/* Begin PBXProject section */
		330CE9082BDD5FCE00354E2B /* Project object */ = {
			isa = PBXProject;
			attributes = {
				BuildIndependentTargetsInParallel = 1;
				LastSwiftUpdateCheck = 1530;
				LastUpgradeCheck = 1530;
				TargetAttributes = {
					330CE90F2BDD5FCE00354E2B = {
						CreatedOnToolsVersion = 15.3;
					};
				};
			};
			buildConfigurationList = 330CE90B2BDD5FCE00354E2B /* Build configuration list for PBXProject "SwiiftUITest" */;
			compatibilityVersion = "Xcode 14.0";
			developmentRegion = en;
			hasScannedForEncodings = 0;
			knownRegions = (
				en,
				Base,
			);
			mainGroup = 330CE9072BDD5FCE00354E2B;
			productRefGroup = 330CE9112BDD5FCE00354E2B /* Products */;
			projectDirPath = "";
			projectRoot = "";
			targets = (
				330CE90F2BDD5FCE00354E2B /* SwiiftUITest */,
			);
		};
/* End PBXProject section */

/* Begin PBXResourcesBuildPhase section */
		330CE90E2BDD5FCE00354E2B /* Resources */ = {
			isa = PBXResourcesBuildPhase;
			buildActionMask = 2147483647;
			files = (
				330CE91B2BDD5FCF00354E2B /* Preview Assets.xcassets in Resources */,
				330CE9182BDD5FCF00354E2B /* Assets.xcassets in Resources */,
			);
			runOnlyForDeploymentPostprocessing = 0;
		};
/* End PBXResourcesBuildPhase section */

/* Begin PBXSourcesBuildPhase section */
		330CE90C2BDD5FCE00354E2B /* Sources */ = {
			isa = PBXSourcesBuildPhase;
			buildActionMask = 2147483647;
			files = (
				330CE9282BDD8BAD00354E2B /* ButtonIkıncıGorunum.swift in Sources */,
				330CE9242BDD896600354E2B /* OzelGorselView.swift in Sources */,
				330CE9162BDD5FCE00354E2B /* ContentView.swift in Sources */,
				330CE9262BDD8B9F00354E2B /* ButtonIlkGorunum.swift in Sources */,
				330CE9142BDD5FCE00354E2B /* SwiiftUITestApp.swift in Sources */,
			);
			runOnlyForDeploymentPostprocessing = 0;
		};
/* End PBXSourcesBuildPhase section */

/* Begin XCBuildConfiguration section */
		330CE91C2BDD5FCF00354E2B /* Debug */ = {
			isa = XCBuildConfiguration;
			buildSettings = {
				ALWAYS_SEARCH_USER_PATHS = NO;
				ASSETCATALOG_COMPILER_GENERATE_SWIFT_ASSET_SYMBOL_EXTENSIONS = YES;
				CLANG_ANALYZER_NONNULL = YES;
				CLANG_ANALYZER_NUMBER_OBJECT_CONVERSION = YES_AGGRESSIVE;
				CLANG_CXX_LANGUAGE_STANDARD = "gnu++20";
				CLANG_ENABLE_MODULES = YES;
				CLANG_ENABLE_OBJC_ARC = YES;
				CLANG_ENABLE_OBJC_WEAK = YES;
				CLANG_WARN_BLOCK_CAPTURE_AUTORELEASING = YES;
				CLANG_WARN_BOOL_CONVERSION = YES;
				CLANG_WARN_COMMA = YES;
				CLANG_WARN_CONSTANT_CONVERSION = YES;
				CLANG_WARN_DEPRECATED_OBJC_IMPLEMENTATIONS = YES;
				CLANG_WARN_DIRECT_OBJC_ISA_USAGE = YES_ERROR;
				CLANG_WARN_DOCUMENTATION_COMMENTS = YES;
				CLANG_WARN_EMPTY_BODY = YES;
				CLANG_WARN_ENUM_CONVERSION = YES;
				CLANG_WARN_INFINITE_RECURSION = YES;
				CLANG_WARN_INT_CONVERSION = YES;
				CLANG_WARN_NON_LITERAL_NULL_CONVERSION = YES;
				CLANG_WARN_OBJC_IMPLICIT_RETAIN_SELF = YES;
				CLANG_WARN_OBJC_LITERAL_CONVERSION = YES;
				CLANG_WARN_OBJC_ROOT_CLASS = YES_ERROR;
				CLANG_WARN_QUOTED_INCLUDE_IN_FRAMEWORK_HEADER = YES;
				CLANG_WARN_RANGE_LOOP_ANALYSIS = YES;
				CLANG_WARN_STRICT_PROTOTYPES = YES;
				CLANG_WARN_SUSPICIOUS_MOVE = YES;
				CLANG_WARN_UNGUARDED_AVAILABILITY = YES_AGGRESSIVE;
				CLANG_WARN_UNREACHABLE_CODE = YES;
				CLANG_WARN__DUPLICATE_METHOD_MATCH = YES;
				COPY_PHASE_STRIP = NO;
				DEBUG_INFORMATION_FORMAT = dwarf;
				ENABLE_STRICT_OBJC_MSGSEND = YES;
				ENABLE_TESTABILITY = YES;
				ENABLE_USER_SCRIPT_SANDBOXING = YES;
				GCC_C_LANGUAGE_STANDARD = gnu17;
				GCC_DYNAMIC_NO_PIC = NO;
				GCC_NO_COMMON_BLOCKS = YES;
				GCC_OPTIMIZATION_LEVEL = 0;
				GCC_PREPROCESSOR_DEFINITIONS = (
					"DEBUG=1",
					"$(inherited)",
				);
				GCC_WARN_64_TO_32_BIT_CONVERSION = YES;
				GCC_WARN_ABOUT_RETURN_TYPE = YES_ERROR;
				GCC_WARN_UNDECLARED_SELECTOR = YES;
				GCC_WARN_UNINITIALIZED_AUTOS = YES_AGGRESSIVE;
				GCC_WARN_UNUSED_FUNCTION = YES;
				GCC_WARN_UNUSED_VARIABLE = YES;
				IPHONEOS_DEPLOYMENT_TARGET = 17.4;
				LOCALIZATION_PREFERS_STRING_CATALOGS = YES;
				MTL_ENABLE_DEBUG_INFO = INCLUDE_SOURCE;
				MTL_FAST_MATH = YES;
				ONLY_ACTIVE_ARCH = YES;
				SDKROOT = iphoneos;
				SWIFT_ACTIVE_COMPILATION_CONDITIONS = "DEBUG $(inherited)";
				SWIFT_OPTIMIZATION_LEVEL = "-Onone";
			};
			name = Debug;
		};
		330CE91D2BDD5FCF00354E2B /* Release */ = {
			isa = XCBuildConfiguration;
			buildSettings = {
				ALWAYS_SEARCH_USER_PATHS = NO;
				ASSETCATALOG_COMPILER_GENERATE_SWIFT_ASSET_SYMBOL_EXTENSIONS = YES;
				CLANG_ANALYZER_NONNULL = YES;
				CLANG_ANALYZER_NUMBER_OBJECT_CONVERSION = YES_AGGRESSIVE;
				CLANG_CXX_LANGUAGE_STANDARD = "gnu++20";
				CLANG_ENABLE_MODULES = YES;
				CLANG_ENABLE_OBJC_ARC = YES;
				CLANG_ENABLE_OBJC_WEAK = YES;
				CLANG_WARN_BLOCK_CAPTURE_AUTORELEASING = YES;
				CLANG_WARN_BOOL_CONVERSION = YES;
				CLANG_WARN_COMMA = YES;
				CLANG_WARN_CONSTANT_CONVERSION = YES;
				CLANG_WARN_DEPRECATED_OBJC_IMPLEMENTATIONS = YES;
				CLANG_WARN_DIRECT_OBJC_ISA_USAGE = YES_ERROR;
				CLANG_WARN_DOCUMENTATION_COMMENTS = YES;
				CLANG_WARN_EMPTY_BODY = YES;
				CLANG_WARN_ENUM_CONVERSION = YES;
				CLANG_WARN_INFINITE_RECURSION = YES;
				CLANG_WARN_INT_CONVERSION = YES;
				CLANG_WARN_NON_LITERAL_NULL_CONVERSION = YES;
				CLANG_WARN_OBJC_IMPLICIT_RETAIN_SELF = YES;
				CLANG_WARN_OBJC_LITERAL_CONVERSION = YES;
				CLANG_WARN_OBJC_ROOT_CLASS = YES_ERROR;
				CLANG_WARN_QUOTED_INCLUDE_IN_FRAMEWORK_HEADER = YES;
				CLANG_WARN_RANGE_LOOP_ANALYSIS = YES;
				CLANG_WARN_STRICT_PROTOTYPES = YES;
				CLANG_WARN_SUSPICIOUS_MOVE = YES;
				CLANG_WARN_UNGUARDED_AVAILABILITY = YES_AGGRESSIVE;
				CLANG_WARN_UNREACHABLE_CODE = YES;
				CLANG_WARN__DUPLICATE_METHOD_MATCH = YES;
				COPY_PHASE_STRIP = NO;
				DEBUG_INFORMATION_FORMAT = "dwarf-with-dsym";
				ENABLE_NS_ASSERTIONS = NO;
				ENABLE_STRICT_OBJC_MSGSEND = YES;
				ENABLE_USER_SCRIPT_SANDBOXING = YES;
				GCC_C_LANGUAGE_STANDARD = gnu17;
				GCC_NO_COMMON_BLOCKS = YES;
				GCC_WARN_64_TO_32_BIT_CONVERSION = YES;
				GCC_WARN_ABOUT_RETURN_TYPE = YES_ERROR;
				GCC_WARN_UNDECLARED_SELECTOR = YES;
				GCC_WARN_UNINITIALIZED_AUTOS = YES_AGGRESSIVE;
				GCC_WARN_UNUSED_FUNCTION = YES;
				GCC_WARN_UNUSED_VARIABLE = YES;
				IPHONEOS_DEPLOYMENT_TARGET = 17.4;
				LOCALIZATION_PREFERS_STRING_CATALOGS = YES;
				MTL_ENABLE_DEBUG_INFO = NO;
				MTL_FAST_MATH = YES;
				SDKROOT = iphoneos;
				SWIFT_COMPILATION_MODE = wholemodule;
				VALIDATE_PRODUCT = YES;
			};
			name = Release;
		};
		330CE91F2BDD5FCF00354E2B /* Debug */ = {
			isa = XCBuildConfiguration;
			buildSettings = {
				ASSETCATALOG_COMPILER_APPICON_NAME = AppIcon;
				ASSETCATALOG_COMPILER_GLOBAL_ACCENT_COLOR_NAME = AccentColor;
				CODE_SIGN_STYLE = Automatic;
				CURRENT_PROJECT_VERSION = 1;
				DEVELOPMENT_ASSET_PATHS = "\"SwiiftUITest/Preview Content\"";
				DEVELOPMENT_TEAM = VL5Q3Q4476;
				ENABLE_PREVIEWS = YES;
				GENERATE_INFOPLIST_FILE = YES;
				INFOPLIST_KEY_UIApplicationSceneManifest_Generation = YES;
				INFOPLIST_KEY_UIApplicationSupportsIndirectInputEvents = YES;
				INFOPLIST_KEY_UILaunchScreen_Generation = YES;
				INFOPLIST_KEY_UISupportedInterfaceOrientations_iPad = "UIInterfaceOrientationPortrait UIInterfaceOrientationPortraitUpsideDown UIInterfaceOrientationLandscapeLeft UIInterfaceOrientationLandscapeRight";
				INFOPLIST_KEY_UISupportedInterfaceOrientations_iPhone = "UIInterfaceOrientationPortrait UIInterfaceOrientationLandscapeLeft UIInterfaceOrientationLandscapeRight";
				LD_RUNPATH_SEARCH_PATHS = (
					"$(inherited)",
					"@executable_path/Frameworks",
				);
				MARKETING_VERSION = 1.0;
				PRODUCT_BUNDLE_IDENTIFIER = sevketugurel.SwiiftUITest;
				PRODUCT_NAME = "$(TARGET_NAME)";
				SWIFT_EMIT_LOC_STRINGS = YES;
				SWIFT_VERSION = 5.0;
				TARGETED_DEVICE_FAMILY = "1,2";
			};
			name = Debug;
		};
		330CE9202BDD5FCF00354E2B /* Release */ = {
			isa = XCBuildConfiguration;
			buildSettings = {
				ASSETCATALOG_COMPILER_APPICON_NAME = AppIcon;
				ASSETCATALOG_COMPILER_GLOBAL_ACCENT_COLOR_NAME = AccentColor;
				CODE_SIGN_STYLE = Automatic;
				CURRENT_PROJECT_VERSION = 1;
				DEVELOPMENT_ASSET_PATHS = "\"SwiiftUITest/Preview Content\"";
				DEVELOPMENT_TEAM = VL5Q3Q4476;
				ENABLE_PREVIEWS = YES;
				GENERATE_INFOPLIST_FILE = YES;
				INFOPLIST_KEY_UIApplicationSceneManifest_Generation = YES;
				INFOPLIST_KEY_UIApplicationSupportsIndirectInputEvents = YES;
				INFOPLIST_KEY_UILaunchScreen_Generation = YES;
				INFOPLIST_KEY_UISupportedInterfaceOrientations_iPad = "UIInterfaceOrientationPortrait UIInterfaceOrientationPortraitUpsideDown UIInterfaceOrientationLandscapeLeft UIInterfaceOrientationLandscapeRight";
				INFOPLIST_KEY_UISupportedInterfaceOrientations_iPhone = "UIInterfaceOrientationPortrait UIInterfaceOrientationLandscapeLeft UIInterfaceOrientationLandscapeRight";
				LD_RUNPATH_SEARCH_PATHS = (
					"$(inherited)",
					"@executable_path/Frameworks",
				);
				MARKETING_VERSION = 1.0;
				PRODUCT_BUNDLE_IDENTIFIER = sevketugurel.SwiiftUITest;
				PRODUCT_NAME = "$(TARGET_NAME)";
				SWIFT_EMIT_LOC_STRINGS = YES;
				SWIFT_VERSION = 5.0;
				TARGETED_DEVICE_FAMILY = "1,2";
			};
			name = Release;
		};
/* End XCBuildConfiguration section */

/* Begin XCConfigurationList section */
		330CE90B2BDD5FCE00354E2B /* Build configuration list for PBXProject "SwiiftUITest" */ = {
			isa = XCConfigurationList;
			buildConfigurations = (
				330CE91C2BDD5FCF00354E2B /* Debug */,
				330CE91D2BDD5FCF00354E2B /* Release */,
			);
			defaultConfigurationIsVisible = 0;
			defaultConfigurationName = Release;
		};
		330CE91E2BDD5FCF00354E2B /* Build configuration list for PBXNativeTarget "SwiiftUITest" */ = {
			isa = XCConfigurationList;
			buildConfigurations = (
				330CE91F2BDD5FCF00354E2B /* Debug */,
				330CE9202BDD5FCF00354E2B /* Release */,
			);
			defaultConfigurationIsVisible = 0;
			defaultConfigurationName = Release;
		};
/* End XCConfigurationList section */
	};
	rootObject = 330CE9082BDD5FCE00354E2B /* Project object */;
}
